
Microsoft Visual Studio Solution File, Format Version 12.00
# Visual Studio Express 14 for Windows Desktop
VisualStudioVersion = 14.0.25420.1
MinimumVisualStudioVersion = 10.0.40219.1
Project("{8BC9CEB8-8B4A-11D0-8D11-00A0C91BC942}") = "KeilMapLib", "KeilMapLib\KeilMapLib.vcxproj", "{7BD9E5A3-E200-467E-B698-21ECE011A375}"
EndProject
Project("{8BC9CEB8-8B4A-11D0-8D11-00A0C91BC942}") = "KeilRtxStackSize", "KeilRtxStackSize\KeilRtxStackSize.vcxproj", "{45EDE21C-E503-4849-964A-ADC60224DEAE}"
	ProjectSection(ProjectDependencies) = postProject
		{7BD9E5A3-E200-467E-B698-21ECE011A375} = {7BD9E5A3-E200-467E-B698-21ECE011A375}
	EndProjectSection
EndProject
Project("{FAE04EC0-301F-11D3-BF4B-00C04F79EFBC}") = "KeilMapViewer", "KeilMapViewer\KeilMapViewer.csproj", "{2E2908BC-EE69-42BB-A8C9-F0619332AEBD}"
	ProjectSection(ProjectDependencies) = postProject
		{7BD9E5A3-E200-467E-B698-21ECE011A375} = {7BD9E5A3-E200-467E-B698-21ECE011A375}
	EndProjectSection
EndProject
Global
	GlobalSection(SolutionConfigurationPlatforms) = preSolution
		Debug|Any CPU = Debug|Any CPU
		Debug|x64 = Debug|x64
		Debug|x86 = Debug|x86
		Release|Any CPU = Release|Any CPU
		Release|x64 = Release|x64
		Release|x86 = Release|x86
	EndGlobalSection
	GlobalSection(ProjectConfigurationPlatforms) = postSolution
		{7BD9E5A3-E200-467E-B698-21ECE011A375}.Debug|Any CPU.ActiveCfg = Debug|x64
		{7BD9E5A3-E200-467E-B698-21ECE011A375}.Debug|x64.ActiveCfg = Debug|x64
		{7BD9E5A3-E200-467E-B698-21ECE011A375}.Debug|x64.Build.0 = Debug|x64
		{7BD9E5A3-E200-467E-B698-21ECE011A375}.Debug|x86.ActiveCfg = Debug|x64
		{7BD9E5A3-E200-467E-B698-21ECE011A375}.Release|Any CPU.ActiveCfg = Release|x64
		{7BD9E5A3-E200-467E-B698-21ECE011A375}.Release|x64.ActiveCfg = Release|x64
		{7BD9E5A3-E200-467E-B698-21ECE011A375}.Release|x64.Build.0 = Release|x64
		{7BD9E5A3-E200-467E-B698-21ECE011A375}.Release|x86.ActiveCfg = Release|x64
		{45EDE21C-E503-4849-964A-ADC60224DEAE}.Debug|Any CPU.ActiveCfg = Debug|Win32
		{45EDE21C-E503-4849-964A-ADC60224DEAE}.Debug|x64.ActiveCfg = Debug|x64
		{45EDE21C-E503-4849-964A-ADC60224DEAE}.Debug|x64.Build.0 = Debug|x64
		{45EDE21C-E503-4849-964A-ADC60224DEAE}.Debug|x86.ActiveCfg = Debug|Win32
		{45EDE21C-E503-4849-964A-ADC60224DEAE}.Debug|x86.Build.0 = Debug|Win32
		{45EDE21C-E503-4849-964A-ADC60224DEAE}.Release|Any CPU.ActiveCfg = Release|Win32
		{45EDE21C-E503-4849-964A-ADC60224DEAE}.Release|x64.ActiveCfg = Release|x64
		{45EDE21C-E503-4849-964A-ADC60224DEAE}.Release|x64.Build.0 = Release|x64
		{45EDE21C-E503-4849-964A-ADC60224DEAE}.Release|x86.ActiveCfg = Release|Win32
		{45EDE21C-E503-4849-964A-ADC60224DEAE}.Release|x86.Build.0 = Release|Win32
		{2E2908BC-EE69-42BB-A8C9-F0619332AEBD}.Debug|Any CPU.ActiveCfg = Debug|Any CPU
		{2E2908BC-EE69-42BB-A8C9-F0619332AEBD}.Debug|Any CPU.Build.0 = Debug|Any CPU
		{2E2908BC-EE69-42BB-A8C9-F0619332AEBD}.Debug|x64.ActiveCfg = Debug|x64
		{2E2908BC-EE69-42BB-A8C9-F0619332AEBD}.Debug|x64.Build.0 = Debug|x64
		{2E2908BC-EE69-42BB-A8C9-F0619332AEBD}.Debug|x86.ActiveCfg = Debug|x86
		{2E2908BC-EE69-42BB-A8C9-F0619332AEBD}.Debug|x86.Build.0 = Debug|x86
		{2E2908BC-EE69-42BB-A8C9-F0619332AEBD}.Release|Any CPU.ActiveCfg = Release|Any CPU
		{2E2908BC-EE69-42BB-A8C9-F0619332AEBD}.Release|Any CPU.Build.0 = Release|Any CPU
		{2E2908BC-EE69-42BB-A8C9-F0619332AEBD}.Release|x64.ActiveCfg = Release|x64
		{2E2908BC-EE69-42BB-A8C9-F0619332AEBD}.Release|x64.Build.0 = Release|x64
		{2E2908BC-EE69-42BB-A8C9-F0619332AEBD}.Release|x86.ActiveCfg = Release|x86
		{2E2908BC-EE69-42BB-A8C9-F0619332AEBD}.Release|x86.Build.0 = Release|x86
	EndGlobalSection
	GlobalSection(SolutionProperties) = preSolution
		HideSolutionNode = FALSE
	EndGlobalSection
EndGlobal
